
Microsoft Visual Studio Solution File, Format Version 12.00
# Visual Studio Version 16
VisualStudioVersion = 16.0.31702.278
MinimumVisualStudioVersion = 10.0.40219.1
Project("{FAE04EC0-301F-11D3-BF4B-00C04F79EFBC}") = "BelirliSaniyedeRassalSayiUretmeForm", "BelirliSaniyedeRassalSayiUretmeForm.csproj", "{0C829270-380E-4E01-A67E-0AC1929D64BC}"
EndProject
Global
	GlobalSection(SolutionConfigurationPlatforms) = preSolution
		Debug|Any CPU = Debug|Any CPU
		Release|Any CPU = Release|Any CPU
	EndGlobalSection
	GlobalSection(ProjectConfigurationPlatforms) = postSolution
		{0C829270-380E-4E01-A67E-0AC1929D64BC}.Debug|Any CPU.ActiveCfg = Debug|Any CPU
		{0C829270-380E-4E01-A67E-0AC1929D64BC}.Debug|Any CPU.Build.0 = Debug|Any CPU
		{0C829270-380E-4E01-A67E-0AC1929D64BC}.Release|Any CPU.ActiveCfg = Release|Any CPU
		{0C829270-380E-4E01-A67E-0AC1929D64BC}.Release|Any CPU.Build.0 = Release|Any CPU
	EndGlobalSection
	GlobalSection(SolutionProperties) = preSolution
		HideSolutionNode = FALSE
	EndGlobalSection
	GlobalSection(ExtensibilityGlobals) = postSolution
		SolutionGuid = {DB12EBB9-5DF0-440E-B70A-EA1AE572B24C}
	EndGlobalSection
EndGlobal
